{
  "name": "back",
  "version": "1.0.0",
  "lockfileVersion": 1,
  "requires": true,
  "dependencies": {
    "csv-reader": {
      "version": "1.0.6",
      "resolved": "https://registry.npmjs.org/csv-reader/-/csv-reader-1.0.6.tgz",
      "integrity": "sha512-+xagt7ZlxJWFuW8WH5YvLS5UHv/zlzq/d/dVpG2D0c0A4SSAJ+yJwpVHypqke4rZpRDlyIiiEPcifJbdQidCew=="
    },
    "csv-writer": {
      "version": "1.6.0",
      "resolved": "https://registry.npmjs.org/csv-writer/-/csv-writer-1.6.0.tgz",
      "integrity": "sha512-NOx7YDFWEsM/fTRAJjRpPp8t+MKRVvniAg9wQlUKx20MFrPs73WLJhFf5iteqrxNYnsy924K3Iroh3yNHeYd2g=="
    },
    "current-week-number": {
      "version": "1.0.7",
      "resolved": "https://registry.npmjs.org/current-week-number/-/current-week-number-1.0.7.tgz",
      "integrity": "sha1-VnJ4rrX+WN7LFQuayGT5Pc5O2XI="
    },
    "fs": {
      "version": "0.0.1-security",
      "resolved": "https://registry.npmjs.org/fs/-/fs-0.0.1-security.tgz",
      "integrity": "sha1-invTcYa23d84E/I4WLV+yq9eQdQ="
    },
    "google-trends-api": {
      "version": "4.9.0",
      "resolved": "https://registry.npmjs.org/google-trends-api/-/google-trends-api-4.9.0.tgz",
      "integrity": "sha512-ujOLHM98bE7Igy8YA4Lrb5naDpaY1wGt215zgHXPznCDwHmMjMK1FW8yW//dHQ9CKyG/HzaNBDfF7jEAUk8Kkw=="
    },
    "weeknumber": {
      "version": "1.1.2",
      "resolved": "https://registry.npmjs.org/weeknumber/-/weeknumber-1.1.2.tgz",
      "integrity": "sha512-rDgZQ6tpXEUb4t6t47OP4zXtTGYa8gOoOP2xI55oAv+aaNkvRK+2iuH2sk9eEpRAyDaAuAfy8i1TBfwmcG6Dqw=="
    }
  }
}
